{
  "version": 4,
  "terraform_version": "1.2.5",
  "serial": 2,
  "lineage": "315df4db-5a22-71d3-0316-894ccde285af",
  "outputs": {},
  "resources": [
    {
      "mode": "managed",
      "type": "aws_key_pair",
      "name": "team_key",
      "provider": "provider[\"registry.terraform.io/hashicorp/aws\"]",
      "instances": [
        {
          "schema_version": 1,
          "attributes": {
            "arn": "arn:aws:ec2:ap-northeast-2:440507745762:key-pair/team.key",
            "fingerprint": "1e:f3:8c:7a:48:1b:94:7a:ec:9c:3a:3d:7a:86:de:16",
            "id": "team.key",
            "key_name": "team.key",
            "key_name_prefix": "",
            "key_pair_id": "key-03642916fd2cccf4b",
            "key_type": "rsa",
            "public_key": "ssh-rsa AAAAB3NzaC1yc2EAAAADAQABAAABgQDDlezIJkLwkeGw5RA0kjW4r4DOlFC3q7sV/9h0NFmhPdWSaLgJnNbWe9O1ltGse+MHsDXHZzNdAkaAthrxnxZEZPA9wG9bEr/7FwvaM4/pHRgMTIXGBfXqMekG4meu1WJ/X8kjPgJDYJW9ymdeEZV56cwvJZ+k/hMdHiTB0YbCT4mU2CLZBYA+Ub/QlgKAriEDeZxmyuMxKyl+7JMAFuSKoOzbIjp6YeGo+KXOgAJEWR4gTLfR1NqpReywhiVkjoIOU8AXElI0s5+NyczG1Zjf7zmpniNJZM662PPv0Btjpn6Ayp9KAGf8r/fcF7y47w4MryCuIp3C82Io3SHGusYnd/1bA4lSVWcy6IUixEddgnKtscXknz1keRIDlDROTkvjlBkNrvzlmiHe+2NE7YU73QztugMWhC2dh5e2v0PGAY2UGWsNOFR5HpZ5D0quvanpv5zQtmRCMOaWaXkTQHH6dPab9dDX4Cv4LBI8DsLiPFERPKCAO1gNpAWniZe4cw0= user@DESKTOP-7EQF3M8",
            "tags": {},
            "tags_all": {}
          },
          "sensitive_attributes": [],
          "private": "eyJzY2hlbWFfdmVyc2lvbiI6IjEifQ=="
        }
      ]
    }
  ]
}
