{
  "version": 4,
  "terraform_version": "1.2.5",
  "serial": 4,
  "lineage": "315df4db-5a22-71d3-0316-894ccde285af",
  "outputs": {},
  "resources": [
    {
      "mode": "managed",
      "type": "aws_key_pair",
      "name": "team_key",
      "provider": "provider[\"registry.terraform.io/hashicorp/aws\"]",
      "instances": [
        {
          "schema_version": 1,
          "attributes": {
            "arn": "arn:aws:ec2:ap-northeast-2:440507745762:key-pair/team.key",
            "fingerprint": "1e:f3:8c:7a:48:1b:94:7a:ec:9c:3a:3d:7a:86:de:16",
            "id": "team.key",
            "key_name": "team.key",
            "key_name_prefix": "",
            "key_pair_id": "key-03642916fd2cccf4b",
            "key_type": "rsa",
            "public_key": "ssh-rsa AAAAB3NzaC1yc2EAAAADAQABAAABgQDDlezIJkLwkeGw5RA0kjW4r4DOlFC3q7sV/9h0NFmhPdWSaLgJnNbWe9O1ltGse+MHsDXHZzNdAkaAthrxnxZEZPA9wG9bEr/7FwvaM4/pHRgMTIXGBfXqMekG4meu1WJ/X8kjPgJDYJW9ymdeEZV56cwvJZ+k/hMdHiTB0YbCT4mU2CLZBYA+Ub/QlgKAriEDeZxmyuMxKyl+7JMAFuSKoOzbIjp6YeGo+KXOgAJEWR4gTLfR1NqpReywhiVkjoIOU8AXElI0s5+NyczG1Zjf7zmpniNJZM662PPv0Btjpn6Ayp9KAGf8r/fcF7y47w4MryCuIp3C82Io3SHGusYnd/1bA4lSVWcy6IUixEddgnKtscXknz1keRIDlDROTkvjlBkNrvzlmiHe+2NE7YU73QztugMWhC2dh5e2v0PGAY2UGWsNOFR5HpZ5D0quvanpv5zQtmRCMOaWaXkTQHH6dPab9dDX4Cv4LBI8DsLiPFERPKCAO1gNpAWniZe4cw0= user@DESKTOP-7EQF3M8",
            "tags": {},
            "tags_all": {}
          },
          "sensitive_attributes": [],
          "private": "eyJzY2hlbWFfdmVyc2lvbiI6IjEifQ=="
        }
      ]
    },
    {
      "mode": "managed",
      "type": "aws_vpc",
      "name": "team_VPC",
      "provider": "provider[\"registry.terraform.io/hashicorp/aws\"]",
      "instances": [
        {
          "schema_version": 1,
          "attributes": {
            "arn": "arn:aws:ec2:ap-northeast-2:440507745762:vpc/vpc-05dfc1c29590405bd",
            "assign_generated_ipv6_cidr_block": false,
            "cidr_block": "10.0.0.0/16",
            "default_network_acl_id": "acl-0f5d4471adc875d40",
            "default_route_table_id": "rtb-0af30c54f782df1ad",
            "default_security_group_id": "sg-0e795bb9c727c16bf",
            "dhcp_options_id": "dopt-0120c44e6852ca712",
            "enable_classiclink": false,
            "enable_classiclink_dns_support": false,
            "enable_dns_hostnames": false,
            "enable_dns_support": true,
            "id": "vpc-05dfc1c29590405bd",
            "instance_tenancy": "default",
            "ipv4_ipam_pool_id": null,
            "ipv4_netmask_length": null,
            "ipv6_association_id": "",
            "ipv6_cidr_block": "",
            "ipv6_cidr_block_network_border_group": "",
            "ipv6_ipam_pool_id": "",
            "ipv6_netmask_length": 0,
            "main_route_table_id": "rtb-0af30c54f782df1ad",
            "owner_id": "440507745762",
            "tags": {
              "Name": "team_VPC"
            },
            "tags_all": {
              "Name": "team_VPC"
            }
          },
          "sensitive_attributes": [],
          "private": "eyJzY2hlbWFfdmVyc2lvbiI6IjEifQ=="
        }
      ]
    }
  ]
}
